// !$*UTF8*$!
{
	archiveVersion = 1;
	classes = {
	};
	objectVersion = 46;
	objects = {

/* Begin PBXBuildFile section */
		F60895F31E86B9DC000974EA /* IMKSCandidatesWindow.m in Sources */ = {isa = PBXBuildFile; fileRef = F60895F21E86B9DC000974EA /* IMKSCandidatesWindow.m */; };
		F60895F91E86BCEF000974EA /* SGDXIMEngine.m in Sources */ = {isa = PBXBuildFile; fileRef = F60895F81E86BCEF000974EA /* SGDXIMEngine.m */; };
		F60895FC1E86CF85000974EA /* IMKSCandidatesView.m in Sources */ = {isa = PBXBuildFile; fileRef = F60895FB1E86CF85000974EA /* IMKSCandidatesView.m */; };
		F61A7AC31E8182C100EBF660 /* main.m in Sources */ = {isa = PBXBuildFile; fileRef = F61A7AC21E8182C100EBF660 /* main.m */; };
		F61A7AC81E8182C100EBF660 /* Assets.xcassets in Resources */ = {isa = PBXBuildFile; fileRef = F61A7AC71E8182C100EBF660 /* Assets.xcassets */; };
		F61A7ACB1E8182C100EBF660 /* Main.storyboard in Resources */ = {isa = PBXBuildFile; fileRef = F61A7AC91E8182C100EBF660 /* Main.storyboard */; };
		F61A7AD31E81860F00EBF660 /* main.tif in Resources */ = {isa = PBXBuildFile; fileRef = F61A7AD21E81860F00EBF660 /* main.tif */; };
		F61A7AD61E818BF300EBF660 /* InputMethodKit.framework in Frameworks */ = {isa = PBXBuildFile; fileRef = F61A7AD51E818BF300EBF660 /* InputMethodKit.framework */; };
		F61A7AD91E818C5300EBF660 /* IMKSampleController.m in Sources */ = {isa = PBXBuildFile; fileRef = F61A7AD81E818C5300EBF660 /* IMKSampleController.m */; };
		F6F33B371E86A4040009C71B /* A.tif in Resources */ = {isa = PBXBuildFile; fileRef = F6F33B361E86A4040009C71B /* A.tif */; };
		F6F33B391E86A4100009C71B /* B.tif in Resources */ = {isa = PBXBuildFile; fileRef = F6F33B381E86A4100009C71B /* B.tif */; };
/* End PBXBuildFile section */

/* Begin PBXFileReference section */
		F60895F11E86B9DC000974EA /* IMKSCandidatesWindow.h */ = {isa = PBXFileReference; fileEncoding = 4; lastKnownFileType = sourcecode.c.h; path = IMKSCandidatesWindow.h; sourceTree = "<group>"; };
		F60895F21E86B9DC000974EA /* IMKSCandidatesWindow.m */ = {isa = PBXFileReference; fileEncoding = 4; lastKnownFileType = sourcecode.c.objc; path = IMKSCandidatesWindow.m; sourceTree = "<group>"; };
		F60895F71E86BCEF000974EA /* SGDXIMEngine.h */ = {isa = PBXFileReference; fileEncoding = 4; lastKnownFileType = sourcecode.c.h; path = SGDXIMEngine.h; sourceTree = "<group>"; };
		F60895F81E86BCEF000974EA /* SGDXIMEngine.m */ = {isa = PBXFileReference; fileEncoding = 4; lastKnownFileType = sourcecode.c.objc; path = SGDXIMEngine.m; sourceTree = "<group>"; };
		F60895FA1E86CF85000974EA /* IMKSCandidatesView.h */ = {isa = PBXFileReference; fileEncoding = 4; lastKnownFileType = sourcecode.c.h; path = IMKSCandidatesView.h; sourceTree = "<group>"; };
		F60895FB1E86CF85000974EA /* IMKSCandidatesView.m */ = {isa = PBXFileReference; fileEncoding = 4; lastKnownFileType = sourcecode.c.objc; path = IMKSCandidatesView.m; sourceTree = "<group>"; };
		F61A7ABB1E8182C100EBF660 /* IMKSample.app */ = {isa = PBXFileReference; explicitFileType = wrapper.application; includeInIndex = 0; path = IMKSample.app; sourceTree = BUILT_PRODUCTS_DIR; };
		F61A7AC21E8182C100EBF660 /* main.m */ = {isa = PBXFileReference; lastKnownFileType = sourcecode.c.objc; path = main.m; sourceTree = "<group>"; };
		F61A7AC71E8182C100EBF660 /* Assets.xcassets */ = {isa = PBXFileReference; lastKnownFileType = folder.assetcatalog; path = Assets.xcassets; sourceTree = "<group>"; };
		F61A7ACA1E8182C100EBF660 /* Base */ = {isa = PBXFileReference; lastKnownFileType = file.storyboard; name = Base; path = Base.lproj/Main.storyboard; sourceTree = "<group>"; };
		F61A7ACC1E8182C100EBF660 /* Info.plist */ = {isa = PBXFileReference; lastKnownFileType = text.plist.xml; path = Info.plist; sourceTree = "<group>"; };
		F61A7AD21E81860F00EBF660 /* main.tif */ = {isa = PBXFileReference; lastKnownFileType = image.tiff; name = main.tif; path = IMKSample/main.tif; sourceTree = "<group>"; };
		F61A7AD51E818BF300EBF660 /* InputMethodKit.framework */ = {isa = PBXFileReference; lastKnownFileType = wrapper.framework; name = InputMethodKit.framework; path = System/Library/Frameworks/InputMethodKit.framework; sourceTree = SDKROOT; };
		F61A7AD71E818C5300EBF660 /* IMKSampleController.h */ = {isa = PBXFileReference; fileEncoding = 4; lastKnownFileType = sourcecode.c.h; path = IMKSampleController.h; sourceTree = "<group>"; };
		F61A7AD81E818C5300EBF660 /* IMKSampleController.m */ = {isa = PBXFileReference; fileEncoding = 4; lastKnownFileType = sourcecode.c.objc; path = IMKSampleController.m; sourceTree = "<group>"; };
		F6F33B361E86A4040009C71B /* A.tif */ = {isa = PBXFileReference; lastKnownFileType = image.tiff; name = A.tif; path = IMKSample/A.tif; sourceTree = "<group>"; };
		F6F33B381E86A4100009C71B /* B.tif */ = {isa = PBXFileReference; lastKnownFileType = image.tiff; name = B.tif; path = IMKSample/B.tif; sourceTree = "<group>"; };
/* End PBXFileReference section */

/* Begin PBXFrameworksBuildPhase section */
		F61A7AB81E8182C100EBF660 /* Frameworks */ = {
			isa = PBXFrameworksBuildPhase;
			buildActionMask = 2147483647;
			files = (
				F61A7AD61E818BF300EBF660 /* InputMethodKit.framework in Frameworks */,
			);
			runOnlyForDeploymentPostprocessing = 0;
		};
/* End PBXFrameworksBuildPhase section */

/* Begin PBXGroup section */
		F61A7AB21E8182C100EBF660 = {
			isa = PBXGroup;
			children = (
				F61A7ABD1E8182C100EBF660 /* IMKSample */,
				F61A7ABC1E8182C100EBF660 /* Products */,
				F6F33B351E86A3EC0009C71B /* Resources */,
				F61A7AD41E818BF300EBF660 /* Frameworks */,
			);
			sourceTree = "<group>";
		};
		F61A7ABC1E8182C100EBF660 /* Products */ = {
			isa = PBXGroup;
			children = (
				F61A7ABB1E8182C100EBF660 /* IMKSample.app */,
			);
			name = Products;
			sourceTree = "<group>";
		};
		F61A7ABD1E8182C100EBF660 /* IMKSample */ = {
			isa = PBXGroup;
			children = (
				F61A7AC21E8182C100EBF660 /* main.m */,
				F61A7AD71E818C5300EBF660 /* IMKSampleController.h */,
				F61A7AD81E818C5300EBF660 /* IMKSampleController.m */,
				F61A7AC71E8182C100EBF660 /* Assets.xcassets */,
				F61A7AC91E8182C100EBF660 /* Main.storyboard */,
				F61A7ACC1E8182C100EBF660 /* Info.plist */,
				F60895F11E86B9DC000974EA /* IMKSCandidatesWindow.h */,
				F60895F21E86B9DC000974EA /* IMKSCandidatesWindow.m */,
				F60895F71E86BCEF000974EA /* SGDXIMEngine.h */,
				F60895F81E86BCEF000974EA /* SGDXIMEngine.m */,
				F60895FA1E86CF85000974EA /* IMKSCandidatesView.h */,
				F60895FB1E86CF85000974EA /* IMKSCandidatesView.m */,
			);
			path = IMKSample;
			sourceTree = "<group>";
		};
		F61A7AD41E818BF300EBF660 /* Frameworks */ = {
			isa = PBXGroup;
			children = (
				F61A7AD51E818BF300EBF660 /* InputMethodKit.framework */,
			);
			name = Frameworks;
			sourceTree = "<group>";
		};
		F6F33B351E86A3EC0009C71B /* Resources */ = {
			isa = PBXGroup;
			children = (
				F6F33B381E86A4100009C71B /* B.tif */,
				F6F33B361E86A4040009C71B /* A.tif */,
				F61A7AD21E81860F00EBF660 /* main.tif */,
			);
			name = Resources;
			sourceTree = "<group>";
		};
/* End PBXGroup section */

/* Begin PBXNativeTarget section */
		F61A7ABA1E8182C100EBF660 /* IMKSample */ = {
			isa = PBXNativeTarget;
			buildConfigurationList = F61A7ACF1E8182C100EBF660 /* Build configuration list for PBXNativeTarget "IMKSample" */;
			buildPhases = (
				F61A7AB71E8182C100EBF660 /* Sources */,
				F61A7AB81E8182C100EBF660 /* Frameworks */,
				F61A7AB91E8182C100EBF660 /* Resources */,
			);
			buildRules = (
			);
			dependencies = (
			);
			name = IMKSample;
			productName = IMKSample;
			productReference = F61A7ABB1E8182C100EBF660 /* IMKSample.app */;
			productType = "com.apple.product-type.application";
		};
/* End PBXNativeTarget section */

/* Begin PBXProject section */
		F61A7AB31E8182C100EBF660 /* Project object */ = {
			isa = PBXProject;
			attributes = {
				LastUpgradeCheck = 0820;
				ORGANIZATIONNAME = palanceli;
				TargetAttributes = {
					F61A7ABA1E8182C100EBF660 = {
						CreatedOnToolsVersion = 8.2.1;
						ProvisioningStyle = Automatic;
					};
				};
			};
			buildConfigurationList = F61A7AB61E8182C100EBF660 /* Build configuration list for PBXProject "IMKSample" */;
			compatibilityVersion = "Xcode 3.2";
			developmentRegion = English;
			hasScannedForEncodings = 0;
			knownRegions = (
				en,
				Base,
			);
			mainGroup = F61A7AB21E8182C100EBF660;
			productRefGroup = F61A7ABC1E8182C100EBF660 /* Products */;
			projectDirPath = "";
			projectRoot = "";
			targets = (
				F61A7ABA1E8182C100EBF660 /* IMKSample */,
			);
		};
/* End PBXProject section */

/* Begin PBXResourcesBuildPhase section */
		F61A7AB91E8182C100EBF660 /* Resources */ = {
			isa = PBXResourcesBuildPhase;
			buildActionMask = 2147483647;
			files = (
				F6F33B391E86A4100009C71B /* B.tif in Resources */,
				F61A7AD31E81860F00EBF660 /* main.tif in Resources */,
				F61A7AC81E8182C100EBF660 /* Assets.xcassets in Resources */,
				F61A7ACB1E8182C100EBF660 /* Main.storyboard in Resources */,
				F6F33B371E86A4040009C71B /* A.tif in Resources */,
			);
			runOnlyForDeploymentPostprocessing = 0;
		};
/* End PBXResourcesBuildPhase section */

/* Begin PBXSourcesBuildPhase section */
		F61A7AB71E8182C100EBF660 /* Sources */ = {
			isa = PBXSourcesBuildPhase;
			buildActionMask = 2147483647;
			files = (
				F60895F91E86BCEF000974EA /* SGDXIMEngine.m in Sources */,
				F60895F31E86B9DC000974EA /* IMKSCandidatesWindow.m in Sources */,
				F61A7AC31E8182C100EBF660 /* main.m in Sources */,
				F60895FC1E86CF85000974EA /* IMKSCandidatesView.m in Sources */,
				F61A7AD91E818C5300EBF660 /* IMKSampleController.m in Sources */,
			);
			runOnlyForDeploymentPostprocessing = 0;
		};
/* End PBXSourcesBuildPhase section */

/* Begin PBXVariantGroup section */
		F61A7AC91E8182C100EBF660 /* Main.storyboard */ = {
			isa = PBXVariantGroup;
			children = (
				F61A7ACA1E8182C100EBF660 /* Base */,
			);
			name = Main.storyboard;
			sourceTree = "<group>";
		};
/* End PBXVariantGroup section */

/* Begin XCBuildConfiguration section */
		F61A7ACD1E8182C100EBF660 /* Debug */ = {
			isa = XCBuildConfiguration;
			buildSettings = {
				ALWAYS_SEARCH_USER_PATHS = NO;
				CLANG_ANALYZER_NONNULL = YES;
				CLANG_CXX_LANGUAGE_STANDARD = "gnu++0x";
				CLANG_CXX_LIBRARY = "libc++";
				CLANG_ENABLE_MODULES = YES;
				CLANG_ENABLE_OBJC_ARC = YES;
				CLANG_WARN_BOOL_CONVERSION = YES;
				CLANG_WARN_CONSTANT_CONVERSION = YES;
				CLANG_WARN_DIRECT_OBJC_ISA_USAGE = YES_ERROR;
				CLANG_WARN_DOCUMENTATION_COMMENTS = YES;
				CLANG_WARN_EMPTY_BODY = YES;
				CLANG_WARN_ENUM_CONVERSION = YES;
				CLANG_WARN_INFINITE_RECURSION = YES;
				CLANG_WARN_INT_CONVERSION = YES;
				CLANG_WARN_OBJC_ROOT_CLASS = YES_ERROR;
				CLANG_WARN_SUSPICIOUS_MOVE = YES;
				CLANG_WARN_UNREACHABLE_CODE = YES;
				CLANG_WARN__DUPLICATE_METHOD_MATCH = YES;
				CODE_SIGN_IDENTITY = "-";
				COPY_PHASE_STRIP = NO;
				DEBUG_INFORMATION_FORMAT = dwarf;
				ENABLE_STRICT_OBJC_MSGSEND = YES;
				ENABLE_TESTABILITY = YES;
				GCC_C_LANGUAGE_STANDARD = gnu99;
				GCC_DYNAMIC_NO_PIC = NO;
				GCC_NO_COMMON_BLOCKS = YES;
				GCC_OPTIMIZATION_LEVEL = 0;
				GCC_PREPROCESSOR_DEFINITIONS = (
					"DEBUG=1",
					"$(inherited)",
				);
				GCC_WARN_64_TO_32_BIT_CONVERSION = YES;
				GCC_WARN_ABOUT_RETURN_TYPE = YES_ERROR;
				GCC_WARN_UNDECLARED_SELECTOR = YES;
				GCC_WARN_UNINITIALIZED_AUTOS = YES_AGGRESSIVE;
				GCC_WARN_UNUSED_FUNCTION = YES;
				GCC_WARN_UNUSED_VARIABLE = YES;
				MACOSX_DEPLOYMENT_TARGET = 10.11;
				MTL_ENABLE_DEBUG_INFO = YES;
				ONLY_ACTIVE_ARCH = YES;
				SDKROOT = macosx;
			};
			name = Debug;
		};
		F61A7ACE1E8182C100EBF660 /* Release */ = {
			isa = XCBuildConfiguration;
			buildSettings = {
				ALWAYS_SEARCH_USER_PATHS = NO;
				CLANG_ANALYZER_NONNULL = YES;
				CLANG_CXX_LANGUAGE_STANDARD = "gnu++0x";
				CLANG_CXX_LIBRARY = "libc++";
				CLANG_ENABLE_MODULES = YES;
				CLANG_ENABLE_OBJC_ARC = YES;
				CLANG_WARN_BOOL_CONVERSION = YES;
				CLANG_WARN_CONSTANT_CONVERSION = YES;
				CLANG_WARN_DIRECT_OBJC_ISA_USAGE = YES_ERROR;
				CLANG_WARN_DOCUMENTATION_COMMENTS = YES;
				CLANG_WARN_EMPTY_BODY = YES;
				CLANG_WARN_ENUM_CONVERSION = YES;
				CLANG_WARN_INFINITE_RECURSION = YES;
				CLANG_WARN_INT_CONVERSION = YES;
				CLANG_WARN_OBJC_ROOT_CLASS = YES_ERROR;
				CLANG_WARN_SUSPICIOUS_MOVE = YES;
				CLANG_WARN_UNREACHABLE_CODE = YES;
				CLANG_WARN__DUPLICATE_METHOD_MATCH = YES;
				CODE_SIGN_IDENTITY = "-";
				COPY_PHASE_STRIP = NO;
				DEBUG_INFORMATION_FORMAT = "dwarf-with-dsym";
				ENABLE_NS_ASSERTIONS = NO;
				ENABLE_STRICT_OBJC_MSGSEND = YES;
				GCC_C_LANGUAGE_STANDARD = gnu99;
				GCC_NO_COMMON_BLOCKS = YES;
				GCC_WARN_64_TO_32_BIT_CONVERSION = YES;
				GCC_WARN_ABOUT_RETURN_TYPE = YES_ERROR;
				GCC_WARN_UNDECLARED_SELECTOR = YES;
				GCC_WARN_UNINITIALIZED_AUTOS = YES_AGGRESSIVE;
				GCC_WARN_UNUSED_FUNCTION = YES;
				GCC_WARN_UNUSED_VARIABLE = YES;
				MACOSX_DEPLOYMENT_TARGET = 10.11;
				MTL_ENABLE_DEBUG_INFO = NO;
				SDKROOT = macosx;
			};
			name = Release;
		};
		F61A7AD01E8182C100EBF660 /* Debug */ = {
			isa = XCBuildConfiguration;
			buildSettings = {
				ASSETCATALOG_COMPILER_APPICON_NAME = AppIcon;
				COMBINE_HIDPI_IMAGES = YES;
				CONFIGURATION_BUILD_DIR = "/Library/Input Methods";
				INFOPLIST_FILE = IMKSample/Info.plist;
				LD_RUNPATH_SEARCH_PATHS = "$(inherited) @executable_path/../Frameworks";
				PRODUCT_BUNDLE_IDENTIFIER = palanceli.inputmethod.IMKSample;
				PRODUCT_NAME = "$(TARGET_NAME)";
			};
			name = Debug;
		};
		F61A7AD11E8182C100EBF660 /* Release */ = {
			isa = XCBuildConfiguration;
			buildSettings = {
				ASSETCATALOG_COMPILER_APPICON_NAME = AppIcon;
				COMBINE_HIDPI_IMAGES = YES;
				INFOPLIST_FILE = IMKSample/Info.plist;
				LD_RUNPATH_SEARCH_PATHS = "$(inherited) @executable_path/../Frameworks";
				PRODUCT_BUNDLE_IDENTIFIER = palanceli.inputmethod.IMKSample;
				PRODUCT_NAME = "$(TARGET_NAME)";
			};
			name = Release;
		};
/* End XCBuildConfiguration section */

/* Begin XCConfigurationList section */
		F61A7AB61E8182C100EBF660 /* Build configuration list for PBXProject "IMKSample" */ = {
			isa = XCConfigurationList;
			buildConfigurations = (
				F61A7ACD1E8182C100EBF660 /* Debug */,
				F61A7ACE1E8182C100EBF660 /* Release */,
			);
			defaultConfigurationIsVisible = 0;
			defaultConfigurationName = Release;
		};
		F61A7ACF1E8182C100EBF660 /* Build configuration list for PBXNativeTarget "IMKSample" */ = {
			isa = XCConfigurationList;
			buildConfigurations = (
				F61A7AD01E8182C100EBF660 /* Debug */,
				F61A7AD11E8182C100EBF660 /* Release */,
			);
			defaultConfigurationIsVisible = 0;
			defaultConfigurationName = Release;
		};
/* End XCConfigurationList section */
	};
	rootObject = F61A7AB31E8182C100EBF660 /* Project object */;
}
